// !$*UTF8*$!
{
	archiveVersion = 1;
	classes = {
	};
	objectVersion = 46;
	objects = {

/* Begin PBXFileReference section */
		4853005E1CADF85E000E500B /* prob1-code */ = {isa = PBXFileReference; lastKnownFileType = text; path = "prob1-code"; sourceTree = "<group>"; };
		4853005F1CADF8FA000E500B /* prob2-code */ = {isa = PBXFileReference; lastKnownFileType = text; path = "prob2-code"; sourceTree = "<group>"; };
		485300601CADFA20000E500B /* prob3-code */ = {isa = PBXFileReference; lastKnownFileType = text; path = "prob3-code"; sourceTree = "<group>"; };
		485300611CADFAA5000E500B /* prob3 */ = {isa = PBXFileReference; lastKnownFileType = text; path = prob3; sourceTree = "<group>"; };
/* End PBXFileReference section */

/* Begin PBXGroup section */
		485912FC1CADF40300780EB3 = {
			isa = PBXGroup;
			children = (
				485300611CADFAA5000E500B /* prob3 */,
				485300601CADFA20000E500B /* prob3-code */,
				4853005F1CADF8FA000E500B /* prob2-code */,
				4853005E1CADF85E000E500B /* prob1-code */,
			);
			sourceTree = "<group>";
		};
/* End PBXGroup section */

/* Begin PBXProject section */
		485912FD1CADF40300780EB3 /* Project object */ = {
			isa = PBXProject;
			attributes = {
				LastUpgradeCheck = 0720;
			};
			buildConfigurationList = 485913001CADF40300780EB3 /* Build configuration list for PBXProject "projecteuler" */;
			compatibilityVersion = "Xcode 3.2";
			developmentRegion = English;
			hasScannedForEncodings = 0;
			knownRegions = (
				en,
			);
			mainGroup = 485912FC1CADF40300780EB3;
			projectDirPath = "";
			projectRoot = "";
			targets = (
			);
		};
/* End PBXProject section */

/* Begin XCBuildConfiguration section */
		485913011CADF40300780EB3 /* Debug */ = {
			isa = XCBuildConfiguration;
			buildSettings = {
			};
			name = Debug;
		};
		485913021CADF40300780EB3 /* Release */ = {
			isa = XCBuildConfiguration;
			buildSettings = {
			};
			name = Release;
		};
/* End XCBuildConfiguration section */

/* Begin XCConfigurationList section */
		485913001CADF40300780EB3 /* Build configuration list for PBXProject "projecteuler" */ = {
			isa = XCConfigurationList;
			buildConfigurations = (
				485913011CADF40300780EB3 /* Debug */,
				485913021CADF40300780EB3 /* Release */,
			);
			defaultConfigurationIsVisible = 0;
			defaultConfigurationName = Release;
		};
/* End XCConfigurationList section */
	};
	rootObject = 485912FD1CADF40300780EB3 /* Project object */;
}
