// !$*UTF8*$!
{
	archiveVersion = 1;
	classes = {
	};
	objectVersion = 46;
	objects = {

/* Begin PBXFileReference section */
		4853005E1CADF85E000E500B /* code */ = {isa = PBXFileReference; lastKnownFileType = text; path = code; sourceTree = "<group>"; };
/* End PBXFileReference section */

/* Begin PBXGroup section */
		4853005D1CADF826000E500B /* prob1 */ = {
			isa = PBXGroup;
			children = (
				4853005E1CADF85E000E500B /* code */,
			);
			name = prob1;
			sourceTree = "<group>";
		};
		485912FC1CADF40300780EB3 = {
			isa = PBXGroup;
			children = (
				4853005D1CADF826000E500B /* prob1 */,
			);
			sourceTree = "<group>";
		};
/* End PBXGroup section */

/* Begin PBXProject section */
		485912FD1CADF40300780EB3 /* Project object */ = {
			isa = PBXProject;
			attributes = {
				LastUpgradeCheck = 0720;
			};
			buildConfigurationList = 485913001CADF40300780EB3 /* Build configuration list for PBXProject "projecteuler" */;
			compatibilityVersion = "Xcode 3.2";
			developmentRegion = English;
			hasScannedForEncodings = 0;
			knownRegions = (
				en,
			);
			mainGroup = 485912FC1CADF40300780EB3;
			projectDirPath = "";
			projectRoot = "";
			targets = (
			);
		};
/* End PBXProject section */

/* Begin XCBuildConfiguration section */
		485913011CADF40300780EB3 /* Debug */ = {
			isa = XCBuildConfiguration;
			buildSettings = {
			};
			name = Debug;
		};
		485913021CADF40300780EB3 /* Release */ = {
			isa = XCBuildConfiguration;
			buildSettings = {
			};
			name = Release;
		};
/* End XCBuildConfiguration section */

/* Begin XCConfigurationList section */
		485913001CADF40300780EB3 /* Build configuration list for PBXProject "projecteuler" */ = {
			isa = XCConfigurationList;
			buildConfigurations = (
				485913011CADF40300780EB3 /* Debug */,
				485913021CADF40300780EB3 /* Release */,
			);
			defaultConfigurationIsVisible = 0;
			defaultConfigurationName = Release;
		};
/* End XCConfigurationList section */
	};
	rootObject = 485912FD1CADF40300780EB3 /* Project object */;
}
